
Microsoft Visual Studio Solution File, Format Version 12.00
# Visual Studio Version 17
VisualStudioVersion = 17.13.35931.197 d17.13
MinimumVisualStudioVersion = 10.0.40219.1
Project("{FAE04EC0-301F-11D3-BF4B-00C04F79EFBC}") = "EncurtadorURL", "EncurtadorURL.csproj", "{B7ED524B-CF88-4DFF-B719-E0FCA6058B4F}"
EndProject
Global
	GlobalSection(SolutionConfigurationPlatforms) = preSolution
		Debug|Any CPU = Debug|Any CPU
		Release|Any CPU = Release|Any CPU
	EndGlobalSection
	GlobalSection(ProjectConfigurationPlatforms) = postSolution
		{B7ED524B-CF88-4DFF-B719-E0FCA6058B4F}.Debug|Any CPU.ActiveCfg = Debug|Any CPU
		{B7ED524B-CF88-4DFF-B719-E0FCA6058B4F}.Debug|Any CPU.Build.0 = Debug|Any CPU
		{B7ED524B-CF88-4DFF-B719-E0FCA6058B4F}.Release|Any CPU.ActiveCfg = Release|Any CPU
		{B7ED524B-CF88-4DFF-B719-E0FCA6058B4F}.Release|Any CPU.Build.0 = Release|Any CPU
	EndGlobalSection
	GlobalSection(SolutionProperties) = preSolution
		HideSolutionNode = FALSE
	EndGlobalSection
	GlobalSection(ExtensibilityGlobals) = postSolution
		SolutionGuid = {5C8BC62F-AEDD-474B-A2F1-F0376B34B02E}
	EndGlobalSection
EndGlobal
